// !$*UTF8*$!
{
	archiveVersion = 1;
	classes = {
	};
	objectVersion = 46;
	objects = {

/* Begin PBXBuildFile section */
		371FF0AC1EA528A0003274FE /* function.c in Sources */ = {isa = PBXBuildFile; fileRef = 371FF0AA1EA528A0003274FE /* function.c */; };
		371FF0B01EA5FE81003274FE /* effects.c in Sources */ = {isa = PBXBuildFile; fileRef = 371FF0AE1EA5FE81003274FE /* effects.c */; };
		372F30AF1EA89F6200F9AE22 /* AppDelegate.m in Sources */ = {isa = PBXBuildFile; fileRef = 372F30AD1EA89F6200F9AE22 /* AppDelegate.m */; };
		372F30B41EA8AA3200F9AE22 /* character.c in Sources */ = {isa = PBXBuildFile; fileRef = 372F30B21EA8AA3200F9AE22 /* character.c */; };
		372F337E1D78A9020076D98E /* stickman.c in Sources */ = {isa = PBXBuildFile; fileRef = 372F337C1D78A9020076D98E /* stickman.c */; };
		37421AAB1CB2FDCC0027B7D4 /* Assets.xcassets in Resources */ = {isa = PBXBuildFile; fileRef = 37421AAA1CB2FDCC0027B7D4 /* Assets.xcassets */; };
		37421AAE1CB2FDCC0027B7D4 /* MainMenu.xib in Resources */ = {isa = PBXBuildFile; fileRef = 37421AAC1CB2FDCC0027B7D4 /* MainMenu.xib */; };
		37421AC01CB2FFE50027B7D4 /* main.c in Sources */ = {isa = PBXBuildFile; fileRef = 37421ABF1CB2FFE50027B7D4 /* main.c */; };
		37421ACE1CB306220027B7D4 /* gl_core_3_3.c in Sources */ = {isa = PBXBuildFile; fileRef = 37421ACC1CB306220027B7D4 /* gl_core_3_3.c */; settings = {COMPILER_FLAGS = "-w"; }; };
		37421AD41CB3066D0027B7D4 /* window.c in Sources */ = {isa = PBXBuildFile; fileRef = 37421AD21CB3066D0027B7D4 /* window.c */; };
		37421AD71CB3CF070027B7D4 /* time.c in Sources */ = {isa = PBXBuildFile; fileRef = 37421AD51CB3CF070027B7D4 /* time.c */; };
		37853D5D1D6622680052A8C8 /* shader.c in Sources */ = {isa = PBXBuildFile; fileRef = 37853D5B1D6622680052A8C8 /* shader.c */; };
		37853D681D662D520052A8C8 /* error.c in Sources */ = {isa = PBXBuildFile; fileRef = 37853D661D662D520052A8C8 /* error.c */; };
		37853D6B1D68AA720052A8C8 /* object.c in Sources */ = {isa = PBXBuildFile; fileRef = 37853D691D68AA720052A8C8 /* object.c */; };
		379126751E86786100613418 /* shaders.c in Sources */ = {isa = PBXBuildFile; fileRef = 379126731E86786100613418 /* shaders.c */; };
		3791267C1E86A90200613418 /* stickman.json in Resources */ = {isa = PBXBuildFile; fileRef = 3791267B1E86A90200613418 /* stickman.json */; };
		3791267E1E87F98C00613418 /* test.json in Resources */ = {isa = PBXBuildFile; fileRef = 3791267D1E87F98C00613418 /* test.json */; };
		37B6950C1D737A0D009A40B1 /* test.c in Sources */ = {isa = PBXBuildFile; fileRef = 37B6950A1D737A0D009A40B1 /* test.c */; };
		37B7BC501D6F311400EF0A7E /* fbo.c in Sources */ = {isa = PBXBuildFile; fileRef = 37B7BC4E1D6F311400EF0A7E /* fbo.c */; };
		37CFC0E91D7B2584000A795E /* globals.c in Sources */ = {isa = PBXBuildFile; fileRef = 37CFC0E71D7B2584000A795E /* globals.c */; };
		37CFC0EC1D7B2671000A795E /* math.c in Sources */ = {isa = PBXBuildFile; fileRef = 37CFC0EA1D7B2671000A795E /* math.c */; };
		37E1D7F41D77633E005C7198 /* stickman.c in Sources */ = {isa = PBXBuildFile; fileRef = 37E1D7F21D77633E005C7198 /* stickman.c */; };
		37EA38291E9F65E300848254 /* libGLFW.a in Frameworks */ = {isa = PBXBuildFile; fileRef = 37421AC61CB301AE0027B7D4 /* libGLFW.a */; };
		37EA382B1E9F726E00848254 /* health bar.vert in Resources */ = {isa = PBXBuildFile; fileRef = 37EA382A1E9F726E00848254 /* health bar.vert */; };
		37EA382E1E9F986900848254 /* file.c in Sources */ = {isa = PBXBuildFile; fileRef = 37EA382D1E9F986900848254 /* file.c */; };
		37EA38301EA24B0B00848254 /* screenspace.vert in Resources */ = {isa = PBXBuildFile; fileRef = 37EA382F1EA24B0B00848254 /* screenspace.vert */; };
		37EA38321EA24B4400848254 /* blit.frag in Resources */ = {isa = PBXBuildFile; fileRef = 37EA38311EA24B4400848254 /* blit.frag */; };
		37EA38341EA2C18400848254 /* blast.frag in Resources */ = {isa = PBXBuildFile; fileRef = 37EA38331EA2C18400848254 /* blast.frag */; };
		37EA38361EA4F0F700848254 /* particles.vert in Resources */ = {isa = PBXBuildFile; fileRef = 37EA38351EA4F0F700848254 /* particles.vert */; };
		37EA38401EA5139900848254 /* AppKit.framework in Frameworks */ = {isa = PBXBuildFile; fileRef = 37EA383F1EA5139900848254 /* AppKit.framework */; };
		37EA38441EA513F400848254 /* IOKit.framework in Frameworks */ = {isa = PBXBuildFile; fileRef = 37EA38431EA513F400848254 /* IOKit.framework */; };
		37EA38481EA5141E00848254 /* OpenGL.framework in Frameworks */ = {isa = PBXBuildFile; fileRef = 37EA38471EA5141E00848254 /* OpenGL.framework */; };
		37EA384A1EA5147000848254 /* CoreVideo.framework in Frameworks */ = {isa = PBXBuildFile; fileRef = 37EA38491EA5147000848254 /* CoreVideo.framework */; };
/* End PBXBuildFile section */

/* Begin PBXContainerItemProxy section */
		37421AC51CB301AE0027B7D4 /* PBXContainerItemProxy */ = {
			isa = PBXContainerItemProxy;
			containerPortal = 37421AC11CB301AE0027B7D4 /* GLFW.xcodeproj */;
			proxyType = 2;
			remoteGlobalIDString = 373FC7BC1B3AFBFD00AEBB25;
			remoteInfo = GLFW;
		};
/* End PBXContainerItemProxy section */

/* Begin PBXFileReference section */
		371FF0AA1EA528A0003274FE /* function.c */ = {isa = PBXFileReference; fileEncoding = 4; lastKnownFileType = sourcecode.c.c; path = function.c; sourceTree = "<group>"; };
		371FF0AB1EA528A0003274FE /* function.h */ = {isa = PBXFileReference; fileEncoding = 4; lastKnownFileType = sourcecode.c.h; path = function.h; sourceTree = "<group>"; };
		371FF0AE1EA5FE81003274FE /* effects.c */ = {isa = PBXFileReference; fileEncoding = 4; lastKnownFileType = sourcecode.c.c; path = effects.c; sourceTree = "<group>"; };
		372F30AD1EA89F6200F9AE22 /* AppDelegate.m */ = {isa = PBXFileReference; fileEncoding = 4; lastKnownFileType = sourcecode.c.objc; path = AppDelegate.m; sourceTree = "<group>"; };
		372F30AE1EA89F6200F9AE22 /* AppDelegate.h */ = {isa = PBXFileReference; fileEncoding = 4; lastKnownFileType = sourcecode.c.h; path = AppDelegate.h; sourceTree = "<group>"; };
		372F30B01EA8A0D200F9AE22 /* types.h */ = {isa = PBXFileReference; lastKnownFileType = sourcecode.c.h; path = types.h; sourceTree = "<group>"; };
		372F30B11EA8A13200F9AE22 /* engine.h */ = {isa = PBXFileReference; lastKnownFileType = sourcecode.c.h; path = engine.h; sourceTree = "<group>"; };
		372F30B21EA8AA3200F9AE22 /* character.c */ = {isa = PBXFileReference; fileEncoding = 4; lastKnownFileType = sourcecode.c.c; path = character.c; sourceTree = "<group>"; };
		372F30B31EA8AA3200F9AE22 /* character.h */ = {isa = PBXFileReference; fileEncoding = 4; lastKnownFileType = sourcecode.c.h; path = character.h; sourceTree = "<group>"; };
		372F337C1D78A9020076D98E /* stickman.c */ = {isa = PBXFileReference; fileEncoding = 4; lastKnownFileType = sourcecode.c.c; path = stickman.c; sourceTree = "<group>"; };
		372F337D1D78A9020076D98E /* stickman.h */ = {isa = PBXFileReference; fileEncoding = 4; lastKnownFileType = sourcecode.c.h; path = stickman.h; sourceTree = "<group>"; };
		37421AA11CB2FDCB0027B7D4 /* Fighting Game.app */ = {isa = PBXFileReference; explicitFileType = wrapper.application; includeInIndex = 0; path = "Fighting Game.app"; sourceTree = BUILT_PRODUCTS_DIR; };
		37421AAA1CB2FDCC0027B7D4 /* Assets.xcassets */ = {isa = PBXFileReference; lastKnownFileType = folder.assetcatalog; path = Assets.xcassets; sourceTree = "<group>"; };
		37421AAD1CB2FDCC0027B7D4 /* Base */ = {isa = PBXFileReference; lastKnownFileType = file.xib; name = Base; path = Base.lproj/MainMenu.xib; sourceTree = "<group>"; };
		37421AAF1CB2FDCC0027B7D4 /* Info.plist */ = {isa = PBXFileReference; lastKnownFileType = text.plist.xml; path = Info.plist; sourceTree = "<group>"; };
		37421ABF1CB2FFE50027B7D4 /* main.c */ = {isa = PBXFileReference; fileEncoding = 4; lastKnownFileType = sourcecode.c.c; path = main.c; sourceTree = "<group>"; };
		37421AC11CB301AE0027B7D4 /* GLFW.xcodeproj */ = {isa = PBXFileReference; lastKnownFileType = "wrapper.pb-project"; name = GLFW.xcodeproj; path = Libs/GLFW/GLFW.xcodeproj; sourceTree = "<group>"; };
		37421ACC1CB306220027B7D4 /* gl_core_3_3.c */ = {isa = PBXFileReference; fileEncoding = 4; lastKnownFileType = sourcecode.c.c; name = gl_core_3_3.c; path = Libs/GL/gl_core_3_3.c; sourceTree = "<group>"; };
		37421ACD1CB306220027B7D4 /* gl_core_3_3.h */ = {isa = PBXFileReference; fileEncoding = 4; lastKnownFileType = sourcecode.c.h; name = gl_core_3_3.h; path = Libs/GL/gl_core_3_3.h; sourceTree = "<group>"; };
		37421AD21CB3066D0027B7D4 /* window.c */ = {isa = PBXFileReference; fileEncoding = 4; lastKnownFileType = sourcecode.c.c; path = window.c; sourceTree = "<group>"; };
		37421AD31CB3066D0027B7D4 /* window.h */ = {isa = PBXFileReference; fileEncoding = 4; lastKnownFileType = sourcecode.c.h; path = window.h; sourceTree = "<group>"; };
		37421AD51CB3CF070027B7D4 /* time.c */ = {isa = PBXFileReference; fileEncoding = 4; lastKnownFileType = sourcecode.c.c; path = time.c; sourceTree = "<group>"; };
		374EF43B1D722F55001E8C8E /* Utils */ = {isa = PBXFileReference; lastKnownFileType = folder; path = Utils; sourceTree = "<group>"; };
		37853D5B1D6622680052A8C8 /* shader.c */ = {isa = PBXFileReference; fileEncoding = 4; lastKnownFileType = sourcecode.c.c; path = shader.c; sourceTree = "<group>"; };
		37853D5F1D6624BC0052A8C8 /* gl_types.h */ = {isa = PBXFileReference; lastKnownFileType = sourcecode.c.h; name = gl_types.h; path = Libs/GL/gl_types.h; sourceTree = "<group>"; };
		37853D661D662D520052A8C8 /* error.c */ = {isa = PBXFileReference; fileEncoding = 4; lastKnownFileType = sourcecode.c.c; path = error.c; sourceTree = "<group>"; };
		37853D671D662D520052A8C8 /* error.h */ = {isa = PBXFileReference; fileEncoding = 4; lastKnownFileType = sourcecode.c.h; path = error.h; sourceTree = "<group>"; };
		37853D691D68AA720052A8C8 /* object.c */ = {isa = PBXFileReference; fileEncoding = 4; lastKnownFileType = sourcecode.c.c; path = object.c; sourceTree = "<group>"; };
		3791266B1E866E8F00613418 /* color.frag */ = {isa = PBXFileReference; fileEncoding = 4; lastKnownFileType = sourcecode.glsl; name = color.frag; path = shaders/color.frag; sourceTree = "<group>"; };
		3791266C1E866E8F00613418 /* waves.frag */ = {isa = PBXFileReference; fileEncoding = 4; lastKnownFileType = sourcecode.glsl; name = waves.frag; path = shaders/waves.frag; sourceTree = "<group>"; };
		3791266D1E866E8F00613418 /* anim.vert */ = {isa = PBXFileReference; fileEncoding = 4; lastKnownFileType = sourcecode.glsl; name = anim.vert; path = shaders/anim.vert; sourceTree = "<group>"; };
		3791266E1E866E8F00613418 /* simple.vert */ = {isa = PBXFileReference; fileEncoding = 4; lastKnownFileType = sourcecode.glsl; name = simple.vert; path = shaders/simple.vert; sourceTree = "<group>"; };
		379126731E86786100613418 /* shaders.c */ = {isa = PBXFileReference; fileEncoding = 4; lastKnownFileType = sourcecode.c.c; path = shaders.c; sourceTree = "<group>"; };
		379126741E86786100613418 /* shaders.h */ = {isa = PBXFileReference; fileEncoding = 4; lastKnownFileType = sourcecode.c.h; path = shaders.h; sourceTree = "<group>"; };
		3791267B1E86A90200613418 /* stickman.json */ = {isa = PBXFileReference; fileEncoding = 4; lastKnownFileType = text.json; name = stickman.json; path = objects/stickman.json; sourceTree = "<group>"; };
		3791267D1E87F98C00613418 /* test.json */ = {isa = PBXFileReference; fileEncoding = 4; lastKnownFileType = text.json; name = test.json; path = objects/test.json; sourceTree = "<group>"; };
		37B6950A1D737A0D009A40B1 /* test.c */ = {isa = PBXFileReference; fileEncoding = 4; lastKnownFileType = sourcecode.c.c; name = test.c; path = objects/test.c; sourceTree = "<group>"; };
		37B6950B1D737A0D009A40B1 /* test.h */ = {isa = PBXFileReference; fileEncoding = 4; lastKnownFileType = sourcecode.c.h; name = test.h; path = objects/test.h; sourceTree = "<group>"; };
		37B7BC4E1D6F311400EF0A7E /* fbo.c */ = {isa = PBXFileReference; fileEncoding = 4; lastKnownFileType = sourcecode.c.c; path = fbo.c; sourceTree = "<group>"; };
		37CFC0E71D7B2584000A795E /* globals.c */ = {isa = PBXFileReference; fileEncoding = 4; lastKnownFileType = sourcecode.c.c; path = globals.c; sourceTree = "<group>"; };
		37CFC0EA1D7B2671000A795E /* math.c */ = {isa = PBXFileReference; fileEncoding = 4; lastKnownFileType = sourcecode.c.c; path = math.c; sourceTree = "<group>"; };
		37E1D7F21D77633E005C7198 /* stickman.c */ = {isa = PBXFileReference; fileEncoding = 4; lastKnownFileType = sourcecode.c.c; name = stickman.c; path = objects/stickman.c; sourceTree = "<group>"; };
		37E1D7F31D77633E005C7198 /* stickman.h */ = {isa = PBXFileReference; fileEncoding = 4; lastKnownFileType = sourcecode.c.h; name = stickman.h; path = objects/stickman.h; sourceTree = "<group>"; };
		37EA382A1E9F726E00848254 /* health bar.vert */ = {isa = PBXFileReference; fileEncoding = 4; lastKnownFileType = sourcecode.glsl; name = "health bar.vert"; path = "shaders/health bar.vert"; sourceTree = "<group>"; };
		37EA382C1E9F986900848254 /* file.h */ = {isa = PBXFileReference; fileEncoding = 4; lastKnownFileType = sourcecode.c.h; path = file.h; sourceTree = "<group>"; };
		37EA382D1E9F986900848254 /* file.c */ = {isa = PBXFileReference; fileEncoding = 4; lastKnownFileType = sourcecode.c.c; path = file.c; sourceTree = "<group>"; };
		37EA382F1EA24B0B00848254 /* screenspace.vert */ = {isa = PBXFileReference; fileEncoding = 4; lastKnownFileType = sourcecode.glsl; name = screenspace.vert; path = shaders/screenspace.vert; sourceTree = "<group>"; };
		37EA38311EA24B4400848254 /* blit.frag */ = {isa = PBXFileReference; fileEncoding = 4; lastKnownFileType = sourcecode.glsl; name = blit.frag; path = shaders/blit.frag; sourceTree = "<group>"; };
		37EA38331EA2C18400848254 /* blast.frag */ = {isa = PBXFileReference; fileEncoding = 4; lastKnownFileType = sourcecode.glsl; name = blast.frag; path = shaders/blast.frag; sourceTree = "<group>"; };
		37EA38351EA4F0F700848254 /* particles.vert */ = {isa = PBXFileReference; fileEncoding = 4; lastKnownFileType = sourcecode.glsl; name = particles.vert; path = shaders/particles.vert; sourceTree = "<group>"; };
		37EA383F1EA5139900848254 /* AppKit.framework */ = {isa = PBXFileReference; lastKnownFileType = wrapper.framework; name = AppKit.framework; path = System/Library/Frameworks/AppKit.framework; sourceTree = SDKROOT; };
		37EA38431EA513F400848254 /* IOKit.framework */ = {isa = PBXFileReference; lastKnownFileType = wrapper.framework; name = IOKit.framework; path = System/Library/Frameworks/IOKit.framework; sourceTree = SDKROOT; };
		37EA38471EA5141E00848254 /* OpenGL.framework */ = {isa = PBXFileReference; lastKnownFileType = wrapper.framework; name = OpenGL.framework; path = System/Library/Frameworks/OpenGL.framework; sourceTree = SDKROOT; };
		37EA38491EA5147000848254 /* CoreVideo.framework */ = {isa = PBXFileReference; lastKnownFileType = wrapper.framework; name = CoreVideo.framework; path = System/Library/Frameworks/CoreVideo.framework; sourceTree = SDKROOT; };
/* End PBXFileReference section */

/* Begin PBXFrameworksBuildPhase section */
		37421A9E1CB2FDCB0027B7D4 /* Frameworks */ = {
			isa = PBXFrameworksBuildPhase;
			buildActionMask = 2147483647;
			files = (
				37EA384A1EA5147000848254 /* CoreVideo.framework in Frameworks */,
				37EA38481EA5141E00848254 /* OpenGL.framework in Frameworks */,
				37EA38441EA513F400848254 /* IOKit.framework in Frameworks */,
				37EA38401EA5139900848254 /* AppKit.framework in Frameworks */,
				37EA38291E9F65E300848254 /* libGLFW.a in Frameworks */,
			);
			runOnlyForDeploymentPostprocessing = 0;
		};
/* End PBXFrameworksBuildPhase section */

/* Begin PBXGroup section */
		372F30A91EA89E7600F9AE22 /* engine */ = {
			isa = PBXGroup;
			children = (
				372F30B01EA8A0D200F9AE22 /* types.h */,
				372F30B11EA8A13200F9AE22 /* engine.h */,
				37421AD31CB3066D0027B7D4 /* window.h */,
				37421AD21CB3066D0027B7D4 /* window.c */,
				37B7BC4E1D6F311400EF0A7E /* fbo.c */,
				37CFC0EA1D7B2671000A795E /* math.c */,
				37853D691D68AA720052A8C8 /* object.c */,
				37853D5B1D6622680052A8C8 /* shader.c */,
				37421AD51CB3CF070027B7D4 /* time.c */,
				371FF0AE1EA5FE81003274FE /* effects.c */,
				37CFC0E71D7B2584000A795E /* globals.c */,
			);
			name = engine;
			sourceTree = "<group>";
		};
		372F30AB1EA89E7D00F9AE22 /* game */ = {
			isa = PBXGroup;
			children = (
				37421ABF1CB2FFE50027B7D4 /* main.c */,
				372F30B31EA8AA3200F9AE22 /* character.h */,
				372F30B21EA8AA3200F9AE22 /* character.c */,
				372F337D1D78A9020076D98E /* stickman.h */,
				372F337C1D78A9020076D98E /* stickman.c */,
			);
			name = game;
			sourceTree = "<group>";
		};
		372F30AC1EA89EB800F9AE22 /* util */ = {
			isa = PBXGroup;
			children = (
				37EA382C1E9F986900848254 /* file.h */,
				37EA382D1E9F986900848254 /* file.c */,
				37853D661D662D520052A8C8 /* error.c */,
				37853D671D662D520052A8C8 /* error.h */,
				371FF0AA1EA528A0003274FE /* function.c */,
				371FF0AB1EA528A0003274FE /* function.h */,
			);
			name = util;
			sourceTree = "<group>";
		};
		37421A981CB2FDCB0027B7D4 = {
			isa = PBXGroup;
			children = (
				374EF43B1D722F55001E8C8E /* Utils */,
				37421AC91CB305FF0027B7D4 /* Libs */,
				37421AC11CB301AE0027B7D4 /* GLFW.xcodeproj */,
				37421AA31CB2FDCB0027B7D4 /* Fighting Game */,
				37421AA21CB2FDCB0027B7D4 /* Products */,
				37EA383E1EA5139900848254 /* Frameworks */,
			);
			sourceTree = "<group>";
		};
		37421AA21CB2FDCB0027B7D4 /* Products */ = {
			isa = PBXGroup;
			children = (
				37421AA11CB2FDCB0027B7D4 /* Fighting Game.app */,
			);
			name = Products;
			sourceTree = "<group>";
		};
		37421AA31CB2FDCB0027B7D4 /* Fighting Game */ = {
			isa = PBXGroup;
			children = (
				372F30AB1EA89E7D00F9AE22 /* game */,
				372F30A91EA89E7600F9AE22 /* engine */,
				372F30AC1EA89EB800F9AE22 /* util */,
				3791266A1E866E8600613418 /* shaders */,
				37B695091D737A04009A40B1 /* objects */,
				37421AA71CB2FDCC0027B7D4 /* Supporting Files */,
			);
			path = "Fighting Game";
			sourceTree = "<group>";
		};
		37421AA71CB2FDCC0027B7D4 /* Supporting Files */ = {
			isa = PBXGroup;
			children = (
				372F30AD1EA89F6200F9AE22 /* AppDelegate.m */,
				372F30AE1EA89F6200F9AE22 /* AppDelegate.h */,
				37421AAF1CB2FDCC0027B7D4 /* Info.plist */,
				37421AAC1CB2FDCC0027B7D4 /* MainMenu.xib */,
				37421AAA1CB2FDCC0027B7D4 /* Assets.xcassets */,
			);
			name = "Supporting Files";
			sourceTree = "<group>";
		};
		37421AC21CB301AE0027B7D4 /* Products */ = {
			isa = PBXGroup;
			children = (
				37421AC61CB301AE0027B7D4 /* libGLFW.a */,
			);
			name = Products;
			sourceTree = "<group>";
		};
		37421AC91CB305FF0027B7D4 /* Libs */ = {
			isa = PBXGroup;
			children = (
				37421ACA1CB306090027B7D4 /* GL */,
			);
			name = Libs;
			sourceTree = "<group>";
		};
		37421ACA1CB306090027B7D4 /* GL */ = {
			isa = PBXGroup;
			children = (
				37853D5F1D6624BC0052A8C8 /* gl_types.h */,
				37421ACC1CB306220027B7D4 /* gl_core_3_3.c */,
				37421ACD1CB306220027B7D4 /* gl_core_3_3.h */,
			);
			name = GL;
			sourceTree = "<group>";
		};
		3791266A1E866E8600613418 /* shaders */ = {
			isa = PBXGroup;
			children = (
				379126731E86786100613418 /* shaders.c */,
				379126741E86786100613418 /* shaders.h */,
				3791266B1E866E8F00613418 /* color.frag */,
				3791266C1E866E8F00613418 /* waves.frag */,
				3791266D1E866E8F00613418 /* anim.vert */,
				3791266E1E866E8F00613418 /* simple.vert */,
				37EA382A1E9F726E00848254 /* health bar.vert */,
				37EA382F1EA24B0B00848254 /* screenspace.vert */,
				37EA38311EA24B4400848254 /* blit.frag */,
				37EA38331EA2C18400848254 /* blast.frag */,
				37EA38351EA4F0F700848254 /* particles.vert */,
			);
			name = shaders;
			sourceTree = "<group>";
		};
		37B695091D737A04009A40B1 /* objects */ = {
			isa = PBXGroup;
			children = (
				37E1D7F21D77633E005C7198 /* stickman.c */,
				37E1D7F31D77633E005C7198 /* stickman.h */,
				37B6950A1D737A0D009A40B1 /* test.c */,
				37B6950B1D737A0D009A40B1 /* test.h */,
				3791267B1E86A90200613418 /* stickman.json */,
				3791267D1E87F98C00613418 /* test.json */,
			);
			name = objects;
			sourceTree = "<group>";
		};
		37EA383E1EA5139900848254 /* Frameworks */ = {
			isa = PBXGroup;
			children = (
				37EA38491EA5147000848254 /* CoreVideo.framework */,
				37EA38471EA5141E00848254 /* OpenGL.framework */,
				37EA38431EA513F400848254 /* IOKit.framework */,
				37EA383F1EA5139900848254 /* AppKit.framework */,
			);
			name = Frameworks;
			sourceTree = "<group>";
		};
/* End PBXGroup section */

/* Begin PBXNativeTarget section */
		37421AA01CB2FDCB0027B7D4 /* Fighting Game */ = {
			isa = PBXNativeTarget;
			buildConfigurationList = 37421AB21CB2FDCC0027B7D4 /* Build configuration list for PBXNativeTarget "Fighting Game" */;
			buildPhases = (
				379126691E866DFC00613418 /* Prepare Assets  */,
				37421A9D1CB2FDCB0027B7D4 /* Sources */,
				37421A9E1CB2FDCB0027B7D4 /* Frameworks */,
				37421A9F1CB2FDCB0027B7D4 /* Resources */,
			);
			buildRules = (
			);
			dependencies = (
			);
			name = "Fighting Game";
			productName = "Fighting Game";
			productReference = 37421AA11CB2FDCB0027B7D4 /* Fighting Game.app */;
			productType = "com.apple.product-type.application";
		};
/* End PBXNativeTarget section */

/* Begin PBXProject section */
		37421A991CB2FDCB0027B7D4 /* Project object */ = {
			isa = PBXProject;
			attributes = {
				LastUpgradeCheck = 0810;
				ORGANIZATIONNAME = "Daniel Keller";
				TargetAttributes = {
					37421AA01CB2FDCB0027B7D4 = {
						CreatedOnToolsVersion = 7.3;
					};
				};
			};
			buildConfigurationList = 37421A9C1CB2FDCB0027B7D4 /* Build configuration list for PBXProject "Fighting Game" */;
			compatibilityVersion = "Xcode 3.2";
			developmentRegion = English;
			hasScannedForEncodings = 0;
			knownRegions = (
				en,
				Base,
			);
			mainGroup = 37421A981CB2FDCB0027B7D4;
			productRefGroup = 37421AA21CB2FDCB0027B7D4 /* Products */;
			projectDirPath = "";
			projectReferences = (
				{
					ProductGroup = 37421AC21CB301AE0027B7D4 /* Products */;
					ProjectRef = 37421AC11CB301AE0027B7D4 /* GLFW.xcodeproj */;
				},
			);
			projectRoot = "";
			targets = (
				37421AA01CB2FDCB0027B7D4 /* Fighting Game */,
			);
		};
/* End PBXProject section */

/* Begin PBXReferenceProxy section */
		37421AC61CB301AE0027B7D4 /* libGLFW.a */ = {
			isa = PBXReferenceProxy;
			fileType = archive.ar;
			path = libGLFW.a;
			remoteRef = 37421AC51CB301AE0027B7D4 /* PBXContainerItemProxy */;
			sourceTree = BUILT_PRODUCTS_DIR;
		};
/* End PBXReferenceProxy section */

/* Begin PBXResourcesBuildPhase section */
		37421A9F1CB2FDCB0027B7D4 /* Resources */ = {
			isa = PBXResourcesBuildPhase;
			buildActionMask = 2147483647;
			files = (
				37EA38361EA4F0F700848254 /* particles.vert in Resources */,
				37421AAB1CB2FDCC0027B7D4 /* Assets.xcassets in Resources */,
				37EA38321EA24B4400848254 /* blit.frag in Resources */,
				37EA38301EA24B0B00848254 /* screenspace.vert in Resources */,
				3791267E1E87F98C00613418 /* test.json in Resources */,
				3791267C1E86A90200613418 /* stickman.json in Resources */,
				37EA382B1E9F726E00848254 /* health bar.vert in Resources */,
				37EA38341EA2C18400848254 /* blast.frag in Resources */,
				37421AAE1CB2FDCC0027B7D4 /* MainMenu.xib in Resources */,
			);
			runOnlyForDeploymentPostprocessing = 0;
		};
/* End PBXResourcesBuildPhase section */

/* Begin PBXShellScriptBuildPhase section */
		379126691E866DFC00613418 /* Prepare Assets  */ = {
			isa = PBXShellScriptBuildPhase;
			buildActionMask = 2147483647;
			files = (
			);
			inputPaths = (
			);
			name = "Prepare Assets ";
			outputPaths = (
			);
			runOnlyForDeploymentPostprocessing = 0;
			shellPath = /bin/sh;
			shellScript = "python Utils/build_shaders.py\npython Utils/build_objects.py";
		};
/* End PBXShellScriptBuildPhase section */

/* Begin PBXSourcesBuildPhase section */
		37421A9D1CB2FDCB0027B7D4 /* Sources */ = {
			isa = PBXSourcesBuildPhase;
			buildActionMask = 2147483647;
			files = (
				37421AD71CB3CF070027B7D4 /* time.c in Sources */,
				37B6950C1D737A0D009A40B1 /* test.c in Sources */,
				372F30AF1EA89F6200F9AE22 /* AppDelegate.m in Sources */,
				37421AC01CB2FFE50027B7D4 /* main.c in Sources */,
				371FF0AC1EA528A0003274FE /* function.c in Sources */,
				37853D681D662D520052A8C8 /* error.c in Sources */,
				379126751E86786100613418 /* shaders.c in Sources */,
				37CFC0E91D7B2584000A795E /* globals.c in Sources */,
				37B7BC501D6F311400EF0A7E /* fbo.c in Sources */,
				37EA382E1E9F986900848254 /* file.c in Sources */,
				37853D6B1D68AA720052A8C8 /* object.c in Sources */,
				37421AD41CB3066D0027B7D4 /* window.c in Sources */,
				37421ACE1CB306220027B7D4 /* gl_core_3_3.c in Sources */,
				37CFC0EC1D7B2671000A795E /* math.c in Sources */,
				372F30B41EA8AA3200F9AE22 /* character.c in Sources */,
				37E1D7F41D77633E005C7198 /* stickman.c in Sources */,
				371FF0B01EA5FE81003274FE /* effects.c in Sources */,
				37853D5D1D6622680052A8C8 /* shader.c in Sources */,
				372F337E1D78A9020076D98E /* stickman.c in Sources */,
			);
			runOnlyForDeploymentPostprocessing = 0;
		};
/* End PBXSourcesBuildPhase section */

/* Begin PBXVariantGroup section */
		37421AAC1CB2FDCC0027B7D4 /* MainMenu.xib */ = {
			isa = PBXVariantGroup;
			children = (
				37421AAD1CB2FDCC0027B7D4 /* Base */,
			);
			name = MainMenu.xib;
			sourceTree = "<group>";
		};
/* End PBXVariantGroup section */

/* Begin XCBuildConfiguration section */
		37421AB01CB2FDCC0027B7D4 /* Debug */ = {
			isa = XCBuildConfiguration;
			buildSettings = {
				ALWAYS_SEARCH_USER_PATHS = NO;
				CLANG_ANALYZER_NONNULL = YES;
				CLANG_CXX_LANGUAGE_STANDARD = "gnu++0x";
				CLANG_CXX_LIBRARY = "libc++";
				CLANG_ENABLE_MODULES = YES;
				CLANG_ENABLE_OBJC_ARC = YES;
				CLANG_WARN_BOOL_CONVERSION = YES;
				CLANG_WARN_CONSTANT_CONVERSION = YES;
				CLANG_WARN_DIRECT_OBJC_ISA_USAGE = YES_ERROR;
				CLANG_WARN_EMPTY_BODY = YES;
				CLANG_WARN_ENUM_CONVERSION = YES;
				CLANG_WARN_INFINITE_RECURSION = YES;
				CLANG_WARN_INT_CONVERSION = YES;
				CLANG_WARN_OBJC_ROOT_CLASS = YES_ERROR;
				CLANG_WARN_SUSPICIOUS_MOVE = YES;
				CLANG_WARN_UNREACHABLE_CODE = YES;
				CLANG_WARN__DUPLICATE_METHOD_MATCH = YES;
				CODE_SIGN_IDENTITY = "-";
				COPY_PHASE_STRIP = NO;
				DEBUG_INFORMATION_FORMAT = dwarf;
				ENABLE_STRICT_OBJC_MSGSEND = YES;
				ENABLE_TESTABILITY = YES;
				GCC_C_LANGUAGE_STANDARD = gnu99;
				GCC_DYNAMIC_NO_PIC = NO;
				GCC_NO_COMMON_BLOCKS = YES;
				GCC_OPTIMIZATION_LEVEL = 0;
				GCC_PREPROCESSOR_DEFINITIONS = (
					"DEBUG=1",
					"$(inherited)",
				);
				GCC_WARN_64_TO_32_BIT_CONVERSION = YES;
				GCC_WARN_ABOUT_RETURN_TYPE = YES_ERROR;
				GCC_WARN_UNDECLARED_SELECTOR = YES;
				GCC_WARN_UNINITIALIZED_AUTOS = YES_AGGRESSIVE;
				GCC_WARN_UNUSED_FUNCTION = YES;
				GCC_WARN_UNUSED_VARIABLE = YES;
				MACOSX_DEPLOYMENT_TARGET = 10.11;
				MTL_ENABLE_DEBUG_INFO = YES;
				ONLY_ACTIVE_ARCH = YES;
				SDKROOT = macosx;
			};
			name = Debug;
		};
		37421AB11CB2FDCC0027B7D4 /* Release */ = {
			isa = XCBuildConfiguration;
			buildSettings = {
				ALWAYS_SEARCH_USER_PATHS = NO;
				CLANG_ANALYZER_NONNULL = YES;
				CLANG_CXX_LANGUAGE_STANDARD = "gnu++0x";
				CLANG_CXX_LIBRARY = "libc++";
				CLANG_ENABLE_MODULES = YES;
				CLANG_ENABLE_OBJC_ARC = YES;
				CLANG_WARN_BOOL_CONVERSION = YES;
				CLANG_WARN_CONSTANT_CONVERSION = YES;
				CLANG_WARN_DIRECT_OBJC_ISA_USAGE = YES_ERROR;
				CLANG_WARN_EMPTY_BODY = YES;
				CLANG_WARN_ENUM_CONVERSION = YES;
				CLANG_WARN_INFINITE_RECURSION = YES;
				CLANG_WARN_INT_CONVERSION = YES;
				CLANG_WARN_OBJC_ROOT_CLASS = YES_ERROR;
				CLANG_WARN_SUSPICIOUS_MOVE = YES;
				CLANG_WARN_UNREACHABLE_CODE = YES;
				CLANG_WARN__DUPLICATE_METHOD_MATCH = YES;
				CODE_SIGN_IDENTITY = "-";
				COPY_PHASE_STRIP = NO;
				DEBUG_INFORMATION_FORMAT = "dwarf-with-dsym";
				ENABLE_NS_ASSERTIONS = NO;
				ENABLE_STRICT_OBJC_MSGSEND = YES;
				GCC_C_LANGUAGE_STANDARD = gnu99;
				GCC_NO_COMMON_BLOCKS = YES;
				GCC_WARN_64_TO_32_BIT_CONVERSION = YES;
				GCC_WARN_ABOUT_RETURN_TYPE = YES_ERROR;
				GCC_WARN_UNDECLARED_SELECTOR = YES;
				GCC_WARN_UNINITIALIZED_AUTOS = YES_AGGRESSIVE;
				GCC_WARN_UNUSED_FUNCTION = YES;
				GCC_WARN_UNUSED_VARIABLE = YES;
				MACOSX_DEPLOYMENT_TARGET = 10.11;
				MTL_ENABLE_DEBUG_INFO = NO;
				SDKROOT = macosx;
			};
			name = Release;
		};
		37421AB31CB2FDCC0027B7D4 /* Debug */ = {
			isa = XCBuildConfiguration;
			buildSettings = {
				ASSETCATALOG_COMPILER_APPICON_NAME = AppIcon;
				CLANG_ENABLE_MODULES = NO;
				COMBINE_HIDPI_IMAGES = YES;
				GCC_C_LANGUAGE_STANDARD = c11;
				GCC_WARN_PEDANTIC = YES;
				HEADER_SEARCH_PATHS = "$(PROJECT_DIR)/Libs";
				INFOPLIST_FILE = "Fighting Game/Info.plist";
				LD_RUNPATH_SEARCH_PATHS = "$(inherited) @executable_path/../Frameworks";
				OTHER_CFLAGS = "-Wall";
				PRODUCT_BUNDLE_IDENTIFIER = "dan.Fighting-Game";
				PRODUCT_NAME = "$(TARGET_NAME)";
			};
			name = Debug;
		};
		37421AB41CB2FDCC0027B7D4 /* Release */ = {
			isa = XCBuildConfiguration;
			buildSettings = {
				ASSETCATALOG_COMPILER_APPICON_NAME = AppIcon;
				CLANG_ENABLE_MODULES = NO;
				COMBINE_HIDPI_IMAGES = YES;
				GCC_C_LANGUAGE_STANDARD = c11;
				GCC_WARN_PEDANTIC = YES;
				HEADER_SEARCH_PATHS = "$(PROJECT_DIR)/Libs";
				INFOPLIST_FILE = "Fighting Game/Info.plist";
				LD_RUNPATH_SEARCH_PATHS = "$(inherited) @executable_path/../Frameworks";
				OTHER_CFLAGS = "-Wall";
				PRODUCT_BUNDLE_IDENTIFIER = "dan.Fighting-Game";
				PRODUCT_NAME = "$(TARGET_NAME)";
			};
			name = Release;
		};
/* End XCBuildConfiguration section */

/* Begin XCConfigurationList section */
		37421A9C1CB2FDCB0027B7D4 /* Build configuration list for PBXProject "Fighting Game" */ = {
			isa = XCConfigurationList;
			buildConfigurations = (
				37421AB01CB2FDCC0027B7D4 /* Debug */,
				37421AB11CB2FDCC0027B7D4 /* Release */,
			);
			defaultConfigurationIsVisible = 0;
			defaultConfigurationName = Release;
		};
		37421AB21CB2FDCC0027B7D4 /* Build configuration list for PBXNativeTarget "Fighting Game" */ = {
			isa = XCConfigurationList;
			buildConfigurations = (
				37421AB31CB2FDCC0027B7D4 /* Debug */,
				37421AB41CB2FDCC0027B7D4 /* Release */,
			);
			defaultConfigurationIsVisible = 0;
			defaultConfigurationName = Release;
		};
/* End XCConfigurationList section */
	};
	rootObject = 37421A991CB2FDCB0027B7D4 /* Project object */;
}
